lockVersion: 2.0.0
id: 1adc7569-899a-4e68-861b-3835f064659a
management:
  docChecksum: 1bdb7a6f8bf3995d4b40475228403253
  docVersion: 1.0.0
  speakeasyVersion: 1.204.1
  generationVersion: 2.279.1
  releaseVersion: 0.7.0
  configChecksum: b91bcbf4a51227a0f0045ddd7a2ccb0b
  repoURL: https://github.com/speakeasy-sdks/ritza-petstore-python.git
  repoSubDirectory: .
  installationURL: https://github.com/speakeasy-sdks/ritza-petstore-python.git
features:
  python:
    core: 4.5.1
    globalServerURLs: 2.82.1
    responseFormat: 0.1.0
generatedFiles:
  - src/sdk/sdkconfiguration.py
  - src/sdk/pets.py
  - src/sdk/sdk.py
  - py.typed
  - pylintrc
  - setup.py
  - src/sdk/__init__.py
  - src/sdk/utils/__init__.py
  - src/sdk/utils/retries.py
  - src/sdk/utils/utils.py
  - src/sdk/models/errors/sdkerror.py
  - tests/helpers.py
  - src/sdk/models/operations/createpets.py
  - src/sdk/models/operations/listpets.py
  - src/sdk/models/operations/showpetbyid.py
  - src/sdk/models/shared/error.py
  - src/sdk/models/shared/pet.py
  - src/sdk/models/__init__.py
  - src/sdk/models/errors/__init__.py
  - src/sdk/models/operations/__init__.py
  - src/sdk/models/shared/__init__.py
  - docs/models/operations/createpetsresponse.md
  - docs/models/operations/listpetsrequest.md
  - docs/models/operations/listpetsresponse.md
  - docs/models/operations/showpetbyidrequest.md
  - docs/models/operations/showpetbyidresponse.md
  - docs/models/shared/error.md
  - docs/models/shared/pet.md
  - docs/sdks/sdk/README.md
  - docs/sdks/pets/README.md
  - USAGE.md
  - .gitattributes
  - src/sdk/_hooks/sdkhooks.py
  - src/sdk/_hooks/types.py
  - src/sdk/_hooks/__init__.py
