lockVersion: 2.0.0
id: 1adc7569-899a-4e68-861b-3835f064659a
management:
  docChecksum: 1bdb7a6f8bf3995d4b40475228403253
  docVersion: 1.0.0
  speakeasyVersion: internal
  generationVersion: 2.250.12
  releaseVersion: 0.5.0
  configChecksum: d68f76b9ad55d879b92750e33280453e
  repoURL: https://github.com/speakeasy-sdks/ritza-petstore-python.git
  repoSubDirectory: .
  installationURL: https://github.com/speakeasy-sdks/ritza-petstore-python.git
features:
  python:
    core: 4.4.5
    globalServerURLs: 2.82.1
generatedFiles:
  - src/sdk/sdkconfiguration.py
  - src/sdk/pets.py
  - src/sdk/sdk.py
  - pylintrc
  - setup.py
  - src/sdk/__init__.py
  - src/sdk/utils/__init__.py
  - src/sdk/utils/retries.py
  - src/sdk/utils/utils.py
  - src/sdk/models/errors/sdkerror.py
  - tests/helpers.py
  - src/sdk/models/operations/createpets.py
  - src/sdk/models/operations/listpets.py
  - src/sdk/models/operations/showpetbyid.py
  - src/sdk/models/shared/error.py
  - src/sdk/models/shared/pet.py
  - src/sdk/models/__init__.py
  - src/sdk/models/errors/__init__.py
  - src/sdk/models/operations/__init__.py
  - src/sdk/models/shared/__init__.py
  - docs/models/operations/createpetsresponse.md
  - docs/models/operations/listpetsrequest.md
  - docs/models/operations/listpetsresponse.md
  - docs/models/operations/showpetbyidrequest.md
  - docs/models/operations/showpetbyidresponse.md
  - docs/models/shared/error.md
  - docs/models/shared/pet.md
  - docs/sdks/sdk/README.md
  - docs/sdks/pets/README.md
  - USAGE.md
  - .gitattributes
